Microsoft Visual Studio Solution File, Format Version 12.00
# Visual Studio Version 16
VisualStudioVersion = 16.0.30503.244
MinimumVisualStudioVersion = 10.0.40219.1
Project("{8BC9CEB8-8B4A-11D0-8D11-00A0C91BC942}") = "MeshPages", "MeshPages.vcxproj", "{1DBAE4DA-7CC4-4BDD-904D-971A2901C3DE}"
	ProjectSection(ProjectDependencies) = postProject
		{BAD9F940-8AAD-4D72-8D8E-357E2233F1C1} = {BAD9F940-8AAD-4D72-8D8E-357E2233F1C1}
		{92B5BE70-DCAA-40E4-92D8-CC2B95AA28BE} = {92B5BE70-DCAA-40E4-92D8-CC2B95AA28BE}
	EndProjectSection
EndProject
Project("{8BC9CEB8-8B4A-11D0-8D11-00A0C91BC942}") = "cinder-sdftext", "..\..\..\proj\vc2019\Cinder-SdfText.vcxproj", "{BAD9F940-8AAD-4D72-8D8E-357E2233F1C1}"
	ProjectSection(ProjectDependencies) = postProject
		{92B5BE70-DCAA-40E4-92D8-CC2B95AA28BE} = {92B5BE70-DCAA-40E4-92D8-CC2B95AA28BE}
	EndProjectSection
EndProject
Project("{8BC9CEB8-8B4A-11D0-8D11-00A0C91BC942}") = "cinder", "..\..\..\..\cinder\proj\vc2019\cinder.vcxproj", "{92B5BE70-DCAA-40E4-92D8-CC2B95AA28BE}"
EndProject
Global
	GlobalSection(SolutionConfigurationPlatforms) = preSolution
		Debug_ANGLE|Win32 = Debug_ANGLE|Win32
		Debug_ANGLE|x64 = Debug_ANGLE|x64
		Debug_Shared|Win32 = Debug_Shared|Win32
		Debug_Shared|x64 = Debug_Shared|x64
		Debug|Win32 = Debug|Win32
		Debug|x64 = Debug|x64
		Release_ANGLE|Win32 = Release_ANGLE|Win32
		Release_ANGLE|x64 = Release_ANGLE|x64
		Release_Shared|Win32 = Release_Shared|Win32
		Release_Shared|x64 = Release_Shared|x64
		Release|Win32 = Release|Win32
		Release|x64 = Release|x64
	EndGlobalSection
	GlobalSection(ProjectConfigurationPlatforms) = postSolution
		{1DBAE4DA-7CC4-4BDD-904D-971A2901C3DE}.Debug_ANGLE|Win32.ActiveCfg = Debug|Win32
		{1DBAE4DA-7CC4-4BDD-904D-971A2901C3DE}.Debug_ANGLE|Win32.Build.0 = Debug|Win32
		{1DBAE4DA-7CC4-4BDD-904D-971A2901C3DE}.Debug_ANGLE|x64.ActiveCfg = Debug|x64
		{1DBAE4DA-7CC4-4BDD-904D-971A2901C3DE}.Debug_ANGLE|x64.Build.0 = Debug|x64
		{1DBAE4DA-7CC4-4BDD-904D-971A2901C3DE}.Debug_Shared|Win32.ActiveCfg = Debug|Win32
		{1DBAE4DA-7CC4-4BDD-904D-971A2901C3DE}.Debug_Shared|Win32.Build.0 = Debug|Win32
		{1DBAE4DA-7CC4-4BDD-904D-971A2901C3DE}.Debug_Shared|x64.ActiveCfg = Debug|x64
		{1DBAE4DA-7CC4-4BDD-904D-971A2901C3DE}.Debug_Shared|x64.Build.0 = Debug|x64
		{1DBAE4DA-7CC4-4BDD-904D-971A2901C3DE}.Debug|Win32.ActiveCfg = Debug|Win32
		{1DBAE4DA-7CC4-4BDD-904D-971A2901C3DE}.Debug|Win32.Build.0 = Debug|Win32
		{1DBAE4DA-7CC4-4BDD-904D-971A2901C3DE}.Debug|x64.ActiveCfg = Debug|x64
		{1DBAE4DA-7CC4-4BDD-904D-971A2901C3DE}.Debug|x64.Build.0 = Debug|x64
		{1DBAE4DA-7CC4-4BDD-904D-971A2901C3DE}.Release_ANGLE|Win32.ActiveCfg = Release|Win32
		{1DBAE4DA-7CC4-4BDD-904D-971A2901C3DE}.Release_ANGLE|Win32.Build.0 = Release|Win32
		{1DBAE4DA-7CC4-4BDD-904D-971A2901C3DE}.Release_ANGLE|x64.ActiveCfg = Release|x64
		{1DBAE4DA-7CC4-4BDD-904D-971A2901C3DE}.Release_ANGLE|x64.Build.0 = Release|x64
		{1DBAE4DA-7CC4-4BDD-904D-971A2901C3DE}.Release_Shared|Win32.ActiveCfg = Release|Win32
		{1DBAE4DA-7CC4-4BDD-904D-971A2901C3DE}.Release_Shared|Win32.Build.0 = Release|Win32
		{1DBAE4DA-7CC4-4BDD-904D-971A2901C3DE}.Release_Shared|x64.ActiveCfg = Release|x64
		{1DBAE4DA-7CC4-4BDD-904D-971A2901C3DE}.Release_Shared|x64.Build.0 = Release|x64
		{1DBAE4DA-7CC4-4BDD-904D-971A2901C3DE}.Release|Win32.ActiveCfg = Release|Win32
		{1DBAE4DA-7CC4-4BDD-904D-971A2901C3DE}.Release|Win32.Build.0 = Release|Win32
		{1DBAE4DA-7CC4-4BDD-904D-971A2901C3DE}.Release|x64.ActiveCfg = Release|x64
		{1DBAE4DA-7CC4-4BDD-904D-971A2901C3DE}.Release|x64.Build.0 = Release|x64
		{BAD9F940-8AAD-4D72-8D8E-357E2233F1C1}.Debug_ANGLE|Win32.ActiveCfg = Debug|x64
		{BAD9F940-8AAD-4D72-8D8E-357E2233F1C1}.Debug_ANGLE|Win32.Build.0 = Debug|x64
		{BAD9F940-8AAD-4D72-8D8E-357E2233F1C1}.Debug_ANGLE|x64.ActiveCfg = Debug|x64
		{BAD9F940-8AAD-4D72-8D8E-357E2233F1C1}.Debug_ANGLE|x64.Build.0 = Debug|x64
		{BAD9F940-8AAD-4D72-8D8E-357E2233F1C1}.Debug_Shared|Win32.ActiveCfg = Debug|x64
		{BAD9F940-8AAD-4D72-8D8E-357E2233F1C1}.Debug_Shared|Win32.Build.0 = Debug|x64
		{BAD9F940-8AAD-4D72-8D8E-357E2233F1C1}.Debug_Shared|x64.ActiveCfg = Debug|x64
		{BAD9F940-8AAD-4D72-8D8E-357E2233F1C1}.Debug_Shared|x64.Build.0 = Debug|x64
		{BAD9F940-8AAD-4D72-8D8E-357E2233F1C1}.Debug|Win32.ActiveCfg = Debug|x64
		{BAD9F940-8AAD-4D72-8D8E-357E2233F1C1}.Debug|x64.ActiveCfg = Debug|x64
		{BAD9F940-8AAD-4D72-8D8E-357E2233F1C1}.Debug|x64.Build.0 = Debug|x64
		{BAD9F940-8AAD-4D72-8D8E-357E2233F1C1}.Release_ANGLE|Win32.ActiveCfg = Debug|x64
		{BAD9F940-8AAD-4D72-8D8E-357E2233F1C1}.Release_ANGLE|Win32.Build.0 = Debug|x64
		{BAD9F940-8AAD-4D72-8D8E-357E2233F1C1}.Release_ANGLE|x64.ActiveCfg = Release|x64
		{BAD9F940-8AAD-4D72-8D8E-357E2233F1C1}.Release_ANGLE|x64.Build.0 = Release|x64
		{BAD9F940-8AAD-4D72-8D8E-357E2233F1C1}.Release_Shared|Win32.ActiveCfg = Debug|x64
		{BAD9F940-8AAD-4D72-8D8E-357E2233F1C1}.Release_Shared|Win32.Build.0 = Debug|x64
		{BAD9F940-8AAD-4D72-8D8E-357E2233F1C1}.Release_Shared|x64.ActiveCfg = Release|x64
		{BAD9F940-8AAD-4D72-8D8E-357E2233F1C1}.Release_Shared|x64.Build.0 = Release|x64
		{BAD9F940-8AAD-4D72-8D8E-357E2233F1C1}.Release|Win32.ActiveCfg = Release|x64
		{BAD9F940-8AAD-4D72-8D8E-357E2233F1C1}.Release|x64.ActiveCfg = Release|x64
		{BAD9F940-8AAD-4D72-8D8E-357E2233F1C1}.Release|x64.Build.0 = Release|x64
		{92B5BE70-DCAA-40E4-92D8-CC2B95AA28BE}.Debug_ANGLE|Win32.ActiveCfg = Debug_ANGLE|Win32
		{92B5BE70-DCAA-40E4-92D8-CC2B95AA28BE}.Debug_ANGLE|Win32.Build.0 = Debug_ANGLE|Win32
		{92B5BE70-DCAA-40E4-92D8-CC2B95AA28BE}.Debug_ANGLE|x64.ActiveCfg = Debug_ANGLE|x64
		{92B5BE70-DCAA-40E4-92D8-CC2B95AA28BE}.Debug_ANGLE|x64.Build.0 = Debug_ANGLE|x64
		{92B5BE70-DCAA-40E4-92D8-CC2B95AA28BE}.Debug_Shared|Win32.ActiveCfg = Debug_Shared|Win32
		{92B5BE70-DCAA-40E4-92D8-CC2B95AA28BE}.Debug_Shared|Win32.Build.0 = Debug_Shared|Win32
		{92B5BE70-DCAA-40E4-92D8-CC2B95AA28BE}.Debug_Shared|x64.ActiveCfg = Debug_Shared|x64
		{92B5BE70-DCAA-40E4-92D8-CC2B95AA28BE}.Debug_Shared|x64.Build.0 = Debug_Shared|x64
		{92B5BE70-DCAA-40E4-92D8-CC2B95AA28BE}.Debug|Win32.ActiveCfg = Debug|Win32
		{92B5BE70-DCAA-40E4-92D8-CC2B95AA28BE}.Debug|Win32.Build.0 = Debug|Win32
		{92B5BE70-DCAA-40E4-92D8-CC2B95AA28BE}.Debug|x64.ActiveCfg = Debug|x64
		{92B5BE70-DCAA-40E4-92D8-CC2B95AA28BE}.Debug|x64.Build.0 = Debug|x64
		{92B5BE70-DCAA-40E4-92D8-CC2B95AA28BE}.Release_ANGLE|Win32.ActiveCfg = Release_ANGLE|Win32
		{92B5BE70-DCAA-40E4-92D8-CC2B95AA28BE}.Release_ANGLE|Win32.Build.0 = Release_ANGLE|Win32
		{92B5BE70-DCAA-40E4-92D8-CC2B95AA28BE}.Release_ANGLE|x64.ActiveCfg = Release_ANGLE|x64
		{92B5BE70-DCAA-40E4-92D8-CC2B95AA28BE}.Release_ANGLE|x64.Build.0 = Release_ANGLE|x64
		{92B5BE70-DCAA-40E4-92D8-CC2B95AA28BE}.Release_Shared|Win32.ActiveCfg = Release_Shared|Win32
		{92B5BE70-DCAA-40E4-92D8-CC2B95AA28BE}.Release_Shared|Win32.Build.0 = Release_Shared|Win32
		{92B5BE70-DCAA-40E4-92D8-CC2B95AA28BE}.Release_Shared|x64.ActiveCfg = Release_Shared|x64
		{92B5BE70-DCAA-40E4-92D8-CC2B95AA28BE}.Release_Shared|x64.Build.0 = Release_Shared|x64
		{92B5BE70-DCAA-40E4-92D8-CC2B95AA28BE}.Release|Win32.ActiveCfg = Release|Win32
		{92B5BE70-DCAA-40E4-92D8-CC2B95AA28BE}.Release|Win32.Build.0 = Release|Win32
		{92B5BE70-DCAA-40E4-92D8-CC2B95AA28BE}.Release|x64.ActiveCfg = Release|x64
		{92B5BE70-DCAA-40E4-92D8-CC2B95AA28BE}.Release|x64.Build.0 = Release|x64
	EndGlobalSection
	GlobalSection(SolutionProperties) = preSolution
		HideSolutionNode = FALSE
	EndGlobalSection
	GlobalSection(ExtensibilityGlobals) = postSolution
		SolutionGuid = {B2FC8FA2-9555-46C0-8DC5-E04D9EA513C5}
	EndGlobalSection
EndGlobal
